// !$*UTF8*$!
{
	archiveVersion = 1;
	classes = {
	};
	objectVersion = 52;
	objects = {

/* Begin PBXBuildFile section */
		49AFD97D2846253200D20F02 /* Post di Instagram 1080x1080 px.png in Resources */ = {isa = PBXBuildFile; fileRef = 49AFD97C2846253200D20F02 /* Post di Instagram 1080x1080 px.png */; };
		8D80F887284F3D6D00E06F57 /* QuestionsViewController.swift in Sources */ = {isa = PBXBuildFile; fileRef = 8D80F886284F3D6D00E06F57 /* QuestionsViewController.swift */; };
		8D9279E5284F645D00EB9CE6 /* GoogleService-Info-2.plist in Resources */ = {isa = PBXBuildFile; fileRef = 8D9279E4284F645D00EB9CE6 /* GoogleService-Info-2.plist */; };
		8D9279E8284F64C200EB9CE6 /* FirebaseAppDistribution-Beta in Frameworks */ = {isa = PBXBuildFile; productRef = 8D9279E7284F64C200EB9CE6 /* FirebaseAppDistribution-Beta */; };
		8D9279EA284F64C200EB9CE6 /* FirebaseInAppMessaging-Beta in Frameworks */ = {isa = PBXBuildFile; productRef = 8D9279E9284F64C200EB9CE6 /* FirebaseInAppMessaging-Beta */; };
		8D9279EC284F64C200EB9CE6 /* FirebaseAnalyticsWithoutAdIdSupport in Frameworks */ = {isa = PBXBuildFile; productRef = 8D9279EB284F64C200EB9CE6 /* FirebaseAnalyticsWithoutAdIdSupport */; };
		8D9279EE284F64C200EB9CE6 /* FirebaseRemoteConfigSwift in Frameworks */ = {isa = PBXBuildFile; productRef = 8D9279ED284F64C200EB9CE6 /* FirebaseRemoteConfigSwift */; };
		8D9279F0284F64C200EB9CE6 /* FirebaseAnalyticsSwift in Frameworks */ = {isa = PBXBuildFile; productRef = 8D9279EF284F64C200EB9CE6 /* FirebaseAnalyticsSwift */; };
		8D9279F2284F64C200EB9CE6 /* FirebaseFirestore in Frameworks */ = {isa = PBXBuildFile; productRef = 8D9279F1284F64C200EB9CE6 /* FirebaseFirestore */; };
		8D9279F4284F64C200EB9CE6 /* FirebaseAuthCombine-Community in Frameworks */ = {isa = PBXBuildFile; productRef = 8D9279F3284F64C200EB9CE6 /* FirebaseAuthCombine-Community */; };
		8D9279F6284F64C200EB9CE6 /* FirebaseInstallations in Frameworks */ = {isa = PBXBuildFile; productRef = 8D9279F5284F64C200EB9CE6 /* FirebaseInstallations */; };
		8D9279F8284F64C200EB9CE6 /* FirebaseDatabaseSwift in Frameworks */ = {isa = PBXBuildFile; productRef = 8D9279F7284F64C200EB9CE6 /* FirebaseDatabaseSwift */; };
		8D9279FA284F64C200EB9CE6 /* FirebaseAnalyticsOnDeviceConversion in Frameworks */ = {isa = PBXBuildFile; productRef = 8D9279F9284F64C200EB9CE6 /* FirebaseAnalyticsOnDeviceConversion */; };
		8D9279FC284F64C200EB9CE6 /* FirebaseFunctionsCombine-Community in Frameworks */ = {isa = PBXBuildFile; productRef = 8D9279FB284F64C200EB9CE6 /* FirebaseFunctionsCombine-Community */; };
		8D9279FE284F64C200EB9CE6 /* FirebaseDatabase in Frameworks */ = {isa = PBXBuildFile; productRef = 8D9279FD284F64C200EB9CE6 /* FirebaseDatabase */; };
		8D927A00284F64C200EB9CE6 /* FirebaseAnalytics in Frameworks */ = {isa = PBXBuildFile; productRef = 8D9279FF284F64C200EB9CE6 /* FirebaseAnalytics */; };
		8D927A02284F64C200EB9CE6 /* FirebasePerformance in Frameworks */ = {isa = PBXBuildFile; productRef = 8D927A01284F64C200EB9CE6 /* FirebasePerformance */; };
		8D927A04284F64C200EB9CE6 /* FirebaseRemoteConfig in Frameworks */ = {isa = PBXBuildFile; productRef = 8D927A03284F64C200EB9CE6 /* FirebaseRemoteConfig */; };
		8D927A06284F64C200EB9CE6 /* FirebaseAppCheck in Frameworks */ = {isa = PBXBuildFile; productRef = 8D927A05284F64C200EB9CE6 /* FirebaseAppCheck */; };
		8D927A08284F64C200EB9CE6 /* FirebaseFirestoreSwift in Frameworks */ = {isa = PBXBuildFile; productRef = 8D927A07284F64C200EB9CE6 /* FirebaseFirestoreSwift */; };
		8D927A0A284F64C200EB9CE6 /* FirebaseAuth in Frameworks */ = {isa = PBXBuildFile; productRef = 8D927A09284F64C200EB9CE6 /* FirebaseAuth */; };
		8D927A0C284F64C200EB9CE6 /* FirebaseInAppMessagingSwift-Beta in Frameworks */ = {isa = PBXBuildFile; productRef = 8D927A0B284F64C200EB9CE6 /* FirebaseInAppMessagingSwift-Beta */; };
		8D927A0E284F64C200EB9CE6 /* FirebaseStorageCombine-Community in Frameworks */ = {isa = PBXBuildFile; productRef = 8D927A0D284F64C200EB9CE6 /* FirebaseStorageCombine-Community */; };
		8D927A10284F64C200EB9CE6 /* FirebaseMLModelDownloader in Frameworks */ = {isa = PBXBuildFile; productRef = 8D927A0F284F64C200EB9CE6 /* FirebaseMLModelDownloader */; };
		8D927A12284F64C200EB9CE6 /* FirebaseCrashlytics in Frameworks */ = {isa = PBXBuildFile; productRef = 8D927A11284F64C200EB9CE6 /* FirebaseCrashlytics */; };
		8D927A14284F64C200EB9CE6 /* FirebaseMessaging in Frameworks */ = {isa = PBXBuildFile; productRef = 8D927A13284F64C200EB9CE6 /* FirebaseMessaging */; };
		8D927A16284F64C200EB9CE6 /* FirebaseStorage in Frameworks */ = {isa = PBXBuildFile; productRef = 8D927A15284F64C200EB9CE6 /* FirebaseStorage */; };
		8D927A18284F64C200EB9CE6 /* FirebaseDynamicLinks in Frameworks */ = {isa = PBXBuildFile; productRef = 8D927A17284F64C200EB9CE6 /* FirebaseDynamicLinks */; };
		8D927A1A284F64C200EB9CE6 /* FirebaseFunctions in Frameworks */ = {isa = PBXBuildFile; productRef = 8D927A19284F64C200EB9CE6 /* FirebaseFunctions */; };
		8D927A1C284F64C200EB9CE6 /* FirebaseFirestoreCombine-Community in Frameworks */ = {isa = PBXBuildFile; productRef = 8D927A1B284F64C200EB9CE6 /* FirebaseFirestoreCombine-Community */; };
		8D9CE02E284602BD00BFAC8B /* AppDelegate.swift in Sources */ = {isa = PBXBuildFile; fileRef = 8D9CE02D284602BD00BFAC8B /* AppDelegate.swift */; };
		8D9CE030284602BD00BFAC8B /* SceneDelegate.swift in Sources */ = {isa = PBXBuildFile; fileRef = 8D9CE02F284602BD00BFAC8B /* SceneDelegate.swift */; };
		8D9CE032284602BD00BFAC8B /* ViewController.swift in Sources */ = {isa = PBXBuildFile; fileRef = 8D9CE031284602BD00BFAC8B /* ViewController.swift */; };
		8D9CE035284602BD00BFAC8B /* Main.storyboard in Resources */ = {isa = PBXBuildFile; fileRef = 8D9CE033284602BD00BFAC8B /* Main.storyboard */; };
		8D9CE037284602BE00BFAC8B /* Assets.xcassets in Resources */ = {isa = PBXBuildFile; fileRef = 8D9CE036284602BE00BFAC8B /* Assets.xcassets */; };
		8D9CE03A284602BE00BFAC8B /* LaunchScreen.storyboard in Resources */ = {isa = PBXBuildFile; fileRef = 8D9CE038284602BE00BFAC8B /* LaunchScreen.storyboard */; };
		8D9CE0422846127800BFAC8B /* SelectCategoryView.swift in Sources */ = {isa = PBXBuildFile; fileRef = 8D9CE0412846127800BFAC8B /* SelectCategoryView.swift */; };
/* End PBXBuildFile section */

/* Begin PBXFileReference section */
		49AFD97C2846253200D20F02 /* Post di Instagram 1080x1080 px.png */ = {isa = PBXFileReference; lastKnownFileType = image.png; path = "Post di Instagram 1080x1080 px.png"; sourceTree = "<group>"; };
		8D80F886284F3D6D00E06F57 /* QuestionsViewController.swift */ = {isa = PBXFileReference; lastKnownFileType = sourcecode.swift; path = QuestionsViewController.swift; sourceTree = "<group>"; };
		8D9279E4284F645D00EB9CE6 /* GoogleService-Info-2.plist */ = {isa = PBXFileReference; fileEncoding = 4; lastKnownFileType = text.plist.xml; name = "GoogleService-Info-2.plist"; path = "../../../../Downloads/GoogleService-Info-2.plist"; sourceTree = "<group>"; };
		8D9CE02A284602BD00BFAC8B /* GameTrivia_iOS.app */ = {isa = PBXFileReference; explicitFileType = wrapper.application; includeInIndex = 0; path = GameTrivia_iOS.app; sourceTree = BUILT_PRODUCTS_DIR; };
		8D9CE02D284602BD00BFAC8B /* AppDelegate.swift */ = {isa = PBXFileReference; lastKnownFileType = sourcecode.swift; path = AppDelegate.swift; sourceTree = "<group>"; };
		8D9CE02F284602BD00BFAC8B /* SceneDelegate.swift */ = {isa = PBXFileReference; lastKnownFileType = sourcecode.swift; path = SceneDelegate.swift; sourceTree = "<group>"; };
		8D9CE031284602BD00BFAC8B /* ViewController.swift */ = {isa = PBXFileReference; lastKnownFileType = sourcecode.swift; path = ViewController.swift; sourceTree = "<group>"; };
		8D9CE034284602BD00BFAC8B /* Base */ = {isa = PBXFileReference; lastKnownFileType = file.storyboard; name = Base; path = Base.lproj/Main.storyboard; sourceTree = "<group>"; };
		8D9CE036284602BE00BFAC8B /* Assets.xcassets */ = {isa = PBXFileReference; lastKnownFileType = folder.assetcatalog; path = Assets.xcassets; sourceTree = "<group>"; };
		8D9CE039284602BE00BFAC8B /* Base */ = {isa = PBXFileReference; lastKnownFileType = file.storyboard; name = Base; path = Base.lproj/LaunchScreen.storyboard; sourceTree = "<group>"; };
		8D9CE03B284602BE00BFAC8B /* Info.plist */ = {isa = PBXFileReference; lastKnownFileType = text.plist.xml; path = Info.plist; sourceTree = "<group>"; };
		8D9CE0412846127800BFAC8B /* SelectCategoryView.swift */ = {isa = PBXFileReference; lastKnownFileType = sourcecode.swift; path = SelectCategoryView.swift; sourceTree = "<group>"; };
/* End PBXFileReference section */

/* Begin PBXFrameworksBuildPhase section */
		8D9CE027284602BD00BFAC8B /* Frameworks */ = {
			isa = PBXFrameworksBuildPhase;
			buildActionMask = 2147483647;
			files = (
				8D927A06284F64C200EB9CE6 /* FirebaseAppCheck in Frameworks */,
				8D927A08284F64C200EB9CE6 /* FirebaseFirestoreSwift in Frameworks */,
				8D927A0E284F64C200EB9CE6 /* FirebaseStorageCombine-Community in Frameworks */,
				8D927A1C284F64C200EB9CE6 /* FirebaseFirestoreCombine-Community in Frameworks */,
				8D927A14284F64C200EB9CE6 /* FirebaseMessaging in Frameworks */,
				8D927A02284F64C200EB9CE6 /* FirebasePerformance in Frameworks */,
				8D927A16284F64C200EB9CE6 /* FirebaseStorage in Frameworks */,
				8D9279E8284F64C200EB9CE6 /* FirebaseAppDistribution-Beta in Frameworks */,
				8D927A12284F64C200EB9CE6 /* FirebaseCrashlytics in Frameworks */,
				8D9279EE284F64C200EB9CE6 /* FirebaseRemoteConfigSwift in Frameworks */,
				8D927A1A284F64C200EB9CE6 /* FirebaseFunctions in Frameworks */,
				8D927A10284F64C200EB9CE6 /* FirebaseMLModelDownloader in Frameworks */,
				8D9279EC284F64C200EB9CE6 /* FirebaseAnalyticsWithoutAdIdSupport in Frameworks */,
				8D9279F8284F64C200EB9CE6 /* FirebaseDatabaseSwift in Frameworks */,
				8D927A00284F64C200EB9CE6 /* FirebaseAnalytics in Frameworks */,
				8D9279F6284F64C200EB9CE6 /* FirebaseInstallations in Frameworks */,
				8D9279EA284F64C200EB9CE6 /* FirebaseInAppMessaging-Beta in Frameworks */,
				8D9279FE284F64C200EB9CE6 /* FirebaseDatabase in Frameworks */,
				8D927A04284F64C200EB9CE6 /* FirebaseRemoteConfig in Frameworks */,
				8D9279F0284F64C200EB9CE6 /* FirebaseAnalyticsSwift in Frameworks */,
				8D927A0A284F64C200EB9CE6 /* FirebaseAuth in Frameworks */,
				8D927A18284F64C200EB9CE6 /* FirebaseDynamicLinks in Frameworks */,
				8D9279FA284F64C200EB9CE6 /* FirebaseAnalyticsOnDeviceConversion in Frameworks */,
				8D9279F4284F64C200EB9CE6 /* FirebaseAuthCombine-Community in Frameworks */,
				8D927A0C284F64C200EB9CE6 /* FirebaseInAppMessagingSwift-Beta in Frameworks */,
				8D9279FC284F64C200EB9CE6 /* FirebaseFunctionsCombine-Community in Frameworks */,
				8D9279F2284F64C200EB9CE6 /* FirebaseFirestore in Frameworks */,
			);
			runOnlyForDeploymentPostprocessing = 0;
		};
/* End PBXFrameworksBuildPhase section */

/* Begin PBXGroup section */
		49AFD97B2846251E00D20F02 /* AppIcon */ = {
			isa = PBXGroup;
			children = (
				49AFD97C2846253200D20F02 /* Post di Instagram 1080x1080 px.png */,
			);
			path = AppIcon;
			sourceTree = "<group>";
		};
		8D9CE021284602BD00BFAC8B = {
			isa = PBXGroup;
			children = (
				8D9CE02C284602BD00BFAC8B /* GameTrivia_iOS */,
				8D9CE02B284602BD00BFAC8B /* Products */,
			);
			sourceTree = "<group>";
		};
		8D9CE02B284602BD00BFAC8B /* Products */ = {
			isa = PBXGroup;
			children = (
				8D9CE02A284602BD00BFAC8B /* GameTrivia_iOS.app */,
			);
			name = Products;
			sourceTree = "<group>";
		};
		8D9CE02C284602BD00BFAC8B /* GameTrivia_iOS */ = {
			isa = PBXGroup;
			children = (
				49AFD97B2846251E00D20F02 /* AppIcon */,
				8D9CE02D284602BD00BFAC8B /* AppDelegate.swift */,
				8D9CE02F284602BD00BFAC8B /* SceneDelegate.swift */,
				8D9CE031284602BD00BFAC8B /* ViewController.swift */,
				8D9CE0412846127800BFAC8B /* SelectCategoryView.swift */,
				8D80F886284F3D6D00E06F57 /* QuestionsViewController.swift */,
				8D9CE033284602BD00BFAC8B /* Main.storyboard */,
				8D9279E4284F645D00EB9CE6 /* GoogleService-Info-2.plist */,
				8D9CE036284602BE00BFAC8B /* Assets.xcassets */,
				8D9CE038284602BE00BFAC8B /* LaunchScreen.storyboard */,
				8D9CE03B284602BE00BFAC8B /* Info.plist */,
			);
			path = GameTrivia_iOS;
			sourceTree = "<group>";
		};
/* End PBXGroup section */

/* Begin PBXNativeTarget section */
		8D9CE029284602BD00BFAC8B /* GameTrivia_iOS */ = {
			isa = PBXNativeTarget;
			buildConfigurationList = 8D9CE03E284602BE00BFAC8B /* Build configuration list for PBXNativeTarget "GameTrivia_iOS" */;
			buildPhases = (
				8D9CE026284602BD00BFAC8B /* Sources */,
				8D9CE027284602BD00BFAC8B /* Frameworks */,
				8D9CE028284602BD00BFAC8B /* Resources */,
			);
			buildRules = (
			);
			dependencies = (
			);
			name = GameTrivia_iOS;
			packageProductDependencies = (
				8D9279E7284F64C200EB9CE6 /* FirebaseAppDistribution-Beta */,
				8D9279E9284F64C200EB9CE6 /* FirebaseInAppMessaging-Beta */,
				8D9279EB284F64C200EB9CE6 /* FirebaseAnalyticsWithoutAdIdSupport */,
				8D9279ED284F64C200EB9CE6 /* FirebaseRemoteConfigSwift */,
				8D9279EF284F64C200EB9CE6 /* FirebaseAnalyticsSwift */,
				8D9279F1284F64C200EB9CE6 /* FirebaseFirestore */,
				8D9279F3284F64C200EB9CE6 /* FirebaseAuthCombine-Community */,
				8D9279F5284F64C200EB9CE6 /* FirebaseInstallations */,
				8D9279F7284F64C200EB9CE6 /* FirebaseDatabaseSwift */,
				8D9279F9284F64C200EB9CE6 /* FirebaseAnalyticsOnDeviceConversion */,
				8D9279FB284F64C200EB9CE6 /* FirebaseFunctionsCombine-Community */,
				8D9279FD284F64C200EB9CE6 /* FirebaseDatabase */,
				8D9279FF284F64C200EB9CE6 /* FirebaseAnalytics */,
				8D927A01284F64C200EB9CE6 /* FirebasePerformance */,
				8D927A03284F64C200EB9CE6 /* FirebaseRemoteConfig */,
				8D927A05284F64C200EB9CE6 /* FirebaseAppCheck */,
				8D927A07284F64C200EB9CE6 /* FirebaseFirestoreSwift */,
				8D927A09284F64C200EB9CE6 /* FirebaseAuth */,
				8D927A0B284F64C200EB9CE6 /* FirebaseInAppMessagingSwift-Beta */,
				8D927A0D284F64C200EB9CE6 /* FirebaseStorageCombine-Community */,
				8D927A0F284F64C200EB9CE6 /* FirebaseMLModelDownloader */,
				8D927A11284F64C200EB9CE6 /* FirebaseCrashlytics */,
				8D927A13284F64C200EB9CE6 /* FirebaseMessaging */,
				8D927A15284F64C200EB9CE6 /* FirebaseStorage */,
				8D927A17284F64C200EB9CE6 /* FirebaseDynamicLinks */,
				8D927A19284F64C200EB9CE6 /* FirebaseFunctions */,
				8D927A1B284F64C200EB9CE6 /* FirebaseFirestoreCombine-Community */,
			);
			productName = GameTrivia_iOS;
			productReference = 8D9CE02A284602BD00BFAC8B /* GameTrivia_iOS.app */;
			productType = "com.apple.product-type.application";
		};
/* End PBXNativeTarget section */

/* Begin PBXProject section */
		8D9CE022284602BD00BFAC8B /* Project object */ = {
			isa = PBXProject;
			attributes = {
				LastSwiftUpdateCheck = 1250;
				LastUpgradeCheck = 1250;
				TargetAttributes = {
					8D9CE029284602BD00BFAC8B = {
						CreatedOnToolsVersion = 12.5.1;
					};
				};
			};
			buildConfigurationList = 8D9CE025284602BD00BFAC8B /* Build configuration list for PBXProject "GameTrivia_iOS" */;
			compatibilityVersion = "Xcode 9.3";
			developmentRegion = en;
			hasScannedForEncodings = 0;
			knownRegions = (
				en,
				Base,
			);
			mainGroup = 8D9CE021284602BD00BFAC8B;
			packageReferences = (
				8D9279E6284F64C200EB9CE6 /* XCRemoteSwiftPackageReference "firebase-ios-sdk" */,
			);
			productRefGroup = 8D9CE02B284602BD00BFAC8B /* Products */;
			projectDirPath = "";
			projectRoot = "";
			targets = (
				8D9CE029284602BD00BFAC8B /* GameTrivia_iOS */,
			);
		};
/* End PBXProject section */

/* Begin PBXResourcesBuildPhase section */
		8D9CE028284602BD00BFAC8B /* Resources */ = {
			isa = PBXResourcesBuildPhase;
			buildActionMask = 2147483647;
			files = (
				8D9279E5284F645D00EB9CE6 /* GoogleService-Info-2.plist in Resources */,
				49AFD97D2846253200D20F02 /* Post di Instagram 1080x1080 px.png in Resources */,
				8D9CE03A284602BE00BFAC8B /* LaunchScreen.storyboard in Resources */,
				8D9CE037284602BE00BFAC8B /* Assets.xcassets in Resources */,
				8D9CE035284602BD00BFAC8B /* Main.storyboard in Resources */,
			);
			runOnlyForDeploymentPostprocessing = 0;
		};
/* End PBXResourcesBuildPhase section */

/* Begin PBXSourcesBuildPhase section */
		8D9CE026284602BD00BFAC8B /* Sources */ = {
			isa = PBXSourcesBuildPhase;
			buildActionMask = 2147483647;
			files = (
				8D9CE0422846127800BFAC8B /* SelectCategoryView.swift in Sources */,
				8D80F887284F3D6D00E06F57 /* QuestionsViewController.swift in Sources */,
				8D9CE032284602BD00BFAC8B /* ViewController.swift in Sources */,
				8D9CE02E284602BD00BFAC8B /* AppDelegate.swift in Sources */,
				8D9CE030284602BD00BFAC8B /* SceneDelegate.swift in Sources */,
			);
			runOnlyForDeploymentPostprocessing = 0;
		};
/* End PBXSourcesBuildPhase section */

/* Begin PBXVariantGroup section */
		8D9CE033284602BD00BFAC8B /* Main.storyboard */ = {
			isa = PBXVariantGroup;
			children = (
				8D9CE034284602BD00BFAC8B /* Base */,
			);
			name = Main.storyboard;
			sourceTree = "<group>";
		};
		8D9CE038284602BE00BFAC8B /* LaunchScreen.storyboard */ = {
			isa = PBXVariantGroup;
			children = (
				8D9CE039284602BE00BFAC8B /* Base */,
			);
			name = LaunchScreen.storyboard;
			sourceTree = "<group>";
		};
/* End PBXVariantGroup section */

/* Begin XCBuildConfiguration section */
		8D9CE03C284602BE00BFAC8B /* Debug */ = {
			isa = XCBuildConfiguration;
			buildSettings = {
				ALWAYS_SEARCH_USER_PATHS = NO;
				CLANG_ANALYZER_NONNULL = YES;
				CLANG_ANALYZER_NUMBER_OBJECT_CONVERSION = YES_AGGRESSIVE;
				CLANG_CXX_LANGUAGE_STANDARD = "gnu++14";
				CLANG_CXX_LIBRARY = "libc++";
				CLANG_ENABLE_MODULES = YES;
				CLANG_ENABLE_OBJC_ARC = YES;
				CLANG_ENABLE_OBJC_WEAK = YES;
				CLANG_WARN_BLOCK_CAPTURE_AUTORELEASING = YES;
				CLANG_WARN_BOOL_CONVERSION = YES;
				CLANG_WARN_COMMA = YES;
				CLANG_WARN_CONSTANT_CONVERSION = YES;
				CLANG_WARN_DEPRECATED_OBJC_IMPLEMENTATIONS = YES;
				CLANG_WARN_DIRECT_OBJC_ISA_USAGE = YES_ERROR;
				CLANG_WARN_DOCUMENTATION_COMMENTS = YES;
				CLANG_WARN_EMPTY_BODY = YES;
				CLANG_WARN_ENUM_CONVERSION = YES;
				CLANG_WARN_INFINITE_RECURSION = YES;
				CLANG_WARN_INT_CONVERSION = YES;
				CLANG_WARN_NON_LITERAL_NULL_CONVERSION = YES;
				CLANG_WARN_OBJC_IMPLICIT_RETAIN_SELF = YES;
				CLANG_WARN_OBJC_LITERAL_CONVERSION = YES;
				CLANG_WARN_OBJC_ROOT_CLASS = YES_ERROR;
				CLANG_WARN_QUOTED_INCLUDE_IN_FRAMEWORK_HEADER = YES;
				CLANG_WARN_RANGE_LOOP_ANALYSIS = YES;
				CLANG_WARN_STRICT_PROTOTYPES = YES;
				CLANG_WARN_SUSPICIOUS_MOVE = YES;
				CLANG_WARN_UNGUARDED_AVAILABILITY = YES_AGGRESSIVE;
				CLANG_WARN_UNREACHABLE_CODE = YES;
				CLANG_WARN__DUPLICATE_METHOD_MATCH = YES;
				COPY_PHASE_STRIP = NO;
				DEBUG_INFORMATION_FORMAT = dwarf;
				ENABLE_STRICT_OBJC_MSGSEND = YES;
				ENABLE_TESTABILITY = YES;
				GCC_C_LANGUAGE_STANDARD = gnu11;
				GCC_DYNAMIC_NO_PIC = NO;
				GCC_NO_COMMON_BLOCKS = YES;
				GCC_OPTIMIZATION_LEVEL = 0;
				GCC_PREPROCESSOR_DEFINITIONS = (
					"DEBUG=1",
					"$(inherited)",
				);
				GCC_WARN_64_TO_32_BIT_CONVERSION = YES;
				GCC_WARN_ABOUT_RETURN_TYPE = YES_ERROR;
				GCC_WARN_UNDECLARED_SELECTOR = YES;
				GCC_WARN_UNINITIALIZED_AUTOS = YES_AGGRESSIVE;
				GCC_WARN_UNUSED_FUNCTION = YES;
				GCC_WARN_UNUSED_VARIABLE = YES;
				IPHONEOS_DEPLOYMENT_TARGET = 14.5;
				MTL_ENABLE_DEBUG_INFO = INCLUDE_SOURCE;
				MTL_FAST_MATH = YES;
				ONLY_ACTIVE_ARCH = YES;
				SDKROOT = iphoneos;
				SWIFT_ACTIVE_COMPILATION_CONDITIONS = DEBUG;
				SWIFT_OPTIMIZATION_LEVEL = "-Onone";
			};
			name = Debug;
		};
		8D9CE03D284602BE00BFAC8B /* Release */ = {
			isa = XCBuildConfiguration;
			buildSettings = {
				ALWAYS_SEARCH_USER_PATHS = NO;
				CLANG_ANALYZER_NONNULL = YES;
				CLANG_ANALYZER_NUMBER_OBJECT_CONVERSION = YES_AGGRESSIVE;
				CLANG_CXX_LANGUAGE_STANDARD = "gnu++14";
				CLANG_CXX_LIBRARY = "libc++";
				CLANG_ENABLE_MODULES = YES;
				CLANG_ENABLE_OBJC_ARC = YES;
				CLANG_ENABLE_OBJC_WEAK = YES;
				CLANG_WARN_BLOCK_CAPTURE_AUTORELEASING = YES;
				CLANG_WARN_BOOL_CONVERSION = YES;
				CLANG_WARN_COMMA = YES;
				CLANG_WARN_CONSTANT_CONVERSION = YES;
				CLANG_WARN_DEPRECATED_OBJC_IMPLEMENTATIONS = YES;
				CLANG_WARN_DIRECT_OBJC_ISA_USAGE = YES_ERROR;
				CLANG_WARN_DOCUMENTATION_COMMENTS = YES;
				CLANG_WARN_EMPTY_BODY = YES;
				CLANG_WARN_ENUM_CONVERSION = YES;
				CLANG_WARN_INFINITE_RECURSION = YES;
				CLANG_WARN_INT_CONVERSION = YES;
				CLANG_WARN_NON_LITERAL_NULL_CONVERSION = YES;
				CLANG_WARN_OBJC_IMPLICIT_RETAIN_SELF = YES;
				CLANG_WARN_OBJC_LITERAL_CONVERSION = YES;
				CLANG_WARN_OBJC_ROOT_CLASS = YES_ERROR;
				CLANG_WARN_QUOTED_INCLUDE_IN_FRAMEWORK_HEADER = YES;
				CLANG_WARN_RANGE_LOOP_ANALYSIS = YES;
				CLANG_WARN_STRICT_PROTOTYPES = YES;
				CLANG_WARN_SUSPICIOUS_MOVE = YES;
				CLANG_WARN_UNGUARDED_AVAILABILITY = YES_AGGRESSIVE;
				CLANG_WARN_UNREACHABLE_CODE = YES;
				CLANG_WARN__DUPLICATE_METHOD_MATCH = YES;
				COPY_PHASE_STRIP = NO;
				DEBUG_INFORMATION_FORMAT = "dwarf-with-dsym";
				ENABLE_NS_ASSERTIONS = NO;
				ENABLE_STRICT_OBJC_MSGSEND = YES;
				GCC_C_LANGUAGE_STANDARD = gnu11;
				GCC_NO_COMMON_BLOCKS = YES;
				GCC_WARN_64_TO_32_BIT_CONVERSION = YES;
				GCC_WARN_ABOUT_RETURN_TYPE = YES_ERROR;
				GCC_WARN_UNDECLARED_SELECTOR = YES;
				GCC_WARN_UNINITIALIZED_AUTOS = YES_AGGRESSIVE;
				GCC_WARN_UNUSED_FUNCTION = YES;
				GCC_WARN_UNUSED_VARIABLE = YES;
				IPHONEOS_DEPLOYMENT_TARGET = 14.5;
				MTL_ENABLE_DEBUG_INFO = NO;
				MTL_FAST_MATH = YES;
				SDKROOT = iphoneos;
				SWIFT_COMPILATION_MODE = wholemodule;
				SWIFT_OPTIMIZATION_LEVEL = "-O";
				VALIDATE_PRODUCT = YES;
			};
			name = Release;
		};
		8D9CE03F284602BE00BFAC8B /* Debug */ = {
			isa = XCBuildConfiguration;
			buildSettings = {
				ASSETCATALOG_COMPILER_APPICON_NAME = AppIcon;
				ASSETCATALOG_COMPILER_GLOBAL_ACCENT_COLOR_NAME = AccentColor;
				CODE_SIGN_STYLE = Automatic;
				INFOPLIST_FILE = GameTrivia_iOS/Info.plist;
				LD_RUNPATH_SEARCH_PATHS = (
					"$(inherited)",
					"@executable_path/Frameworks",
				);
				PRODUCT_BUNDLE_IDENTIFIER = "com.simone.pedrini.GameTrivia-iOS";
				PRODUCT_NAME = "$(TARGET_NAME)";
				SWIFT_VERSION = 5.0;
				TARGETED_DEVICE_FAMILY = "1,2";
			};
			name = Debug;
		};
		8D9CE040284602BE00BFAC8B /* Release */ = {
			isa = XCBuildConfiguration;
			buildSettings = {
				ASSETCATALOG_COMPILER_APPICON_NAME = AppIcon;
				ASSETCATALOG_COMPILER_GLOBAL_ACCENT_COLOR_NAME = AccentColor;
				CODE_SIGN_STYLE = Automatic;
				INFOPLIST_FILE = GameTrivia_iOS/Info.plist;
				LD_RUNPATH_SEARCH_PATHS = (
					"$(inherited)",
					"@executable_path/Frameworks",
				);
				PRODUCT_BUNDLE_IDENTIFIER = "com.simone.pedrini.GameTrivia-iOS";
				PRODUCT_NAME = "$(TARGET_NAME)";
				SWIFT_VERSION = 5.0;
				TARGETED_DEVICE_FAMILY = "1,2";
			};
			name = Release;
		};
/* End XCBuildConfiguration section */

/* Begin XCConfigurationList section */
		8D9CE025284602BD00BFAC8B /* Build configuration list for PBXProject "GameTrivia_iOS" */ = {
			isa = XCConfigurationList;
			buildConfigurations = (
				8D9CE03C284602BE00BFAC8B /* Debug */,
				8D9CE03D284602BE00BFAC8B /* Release */,
			);
			defaultConfigurationIsVisible = 0;
			defaultConfigurationName = Release;
		};
		8D9CE03E284602BE00BFAC8B /* Build configuration list for PBXNativeTarget "GameTrivia_iOS" */ = {
			isa = XCConfigurationList;
			buildConfigurations = (
				8D9CE03F284602BE00BFAC8B /* Debug */,
				8D9CE040284602BE00BFAC8B /* Release */,
			);
			defaultConfigurationIsVisible = 0;
			defaultConfigurationName = Release;
		};
/* End XCConfigurationList section */

/* Begin XCRemoteSwiftPackageReference section */
		8D9279E6284F64C200EB9CE6 /* XCRemoteSwiftPackageReference "firebase-ios-sdk" */ = {
			isa = XCRemoteSwiftPackageReference;
			repositoryURL = "https://github.com/firebase/firebase-ios-sdk";
			requirement = {
				kind = upToNextMajorVersion;
				minimumVersion = 9.1.0;
			};
		};
/* End XCRemoteSwiftPackageReference section */

/* Begin XCSwiftPackageProductDependency section */
		8D9279E7284F64C200EB9CE6 /* FirebaseAppDistribution-Beta */ = {
			isa = XCSwiftPackageProductDependency;
			package = 8D9279E6284F64C200EB9CE6 /* XCRemoteSwiftPackageReference "firebase-ios-sdk" */;
			productName = "FirebaseAppDistribution-Beta";
		};
		8D9279E9284F64C200EB9CE6 /* FirebaseInAppMessaging-Beta */ = {
			isa = XCSwiftPackageProductDependency;
			package = 8D9279E6284F64C200EB9CE6 /* XCRemoteSwiftPackageReference "firebase-ios-sdk" */;
			productName = "FirebaseInAppMessaging-Beta";
		};
		8D9279EB284F64C200EB9CE6 /* FirebaseAnalyticsWithoutAdIdSupport */ = {
			isa = XCSwiftPackageProductDependency;
			package = 8D9279E6284F64C200EB9CE6 /* XCRemoteSwiftPackageReference "firebase-ios-sdk" */;
			productName = FirebaseAnalyticsWithoutAdIdSupport;
		};
		8D9279ED284F64C200EB9CE6 /* FirebaseRemoteConfigSwift */ = {
			isa = XCSwiftPackageProductDependency;
			package = 8D9279E6284F64C200EB9CE6 /* XCRemoteSwiftPackageReference "firebase-ios-sdk" */;
			productName = FirebaseRemoteConfigSwift;
		};
		8D9279EF284F64C200EB9CE6 /* FirebaseAnalyticsSwift */ = {
			isa = XCSwiftPackageProductDependency;
			package = 8D9279E6284F64C200EB9CE6 /* XCRemoteSwiftPackageReference "firebase-ios-sdk" */;
			productName = FirebaseAnalyticsSwift;
		};
		8D9279F1284F64C200EB9CE6 /* FirebaseFirestore */ = {
			isa = XCSwiftPackageProductDependency;
			package = 8D9279E6284F64C200EB9CE6 /* XCRemoteSwiftPackageReference "firebase-ios-sdk" */;
			productName = FirebaseFirestore;
		};
		8D9279F3284F64C200EB9CE6 /* FirebaseAuthCombine-Community */ = {
			isa = XCSwiftPackageProductDependency;
			package = 8D9279E6284F64C200EB9CE6 /* XCRemoteSwiftPackageReference "firebase-ios-sdk" */;
			productName = "FirebaseAuthCombine-Community";
		};
		8D9279F5284F64C200EB9CE6 /* FirebaseInstallations */ = {
			isa = XCSwiftPackageProductDependency;
			package = 8D9279E6284F64C200EB9CE6 /* XCRemoteSwiftPackageReference "firebase-ios-sdk" */;
			productName = FirebaseInstallations;
		};
		8D9279F7284F64C200EB9CE6 /* FirebaseDatabaseSwift */ = {
			isa = XCSwiftPackageProductDependency;
			package = 8D9279E6284F64C200EB9CE6 /* XCRemoteSwiftPackageReference "firebase-ios-sdk" */;
			productName = FirebaseDatabaseSwift;
		};
		8D9279F9284F64C200EB9CE6 /* FirebaseAnalyticsOnDeviceConversion */ = {
			isa = XCSwiftPackageProductDependency;
			package = 8D9279E6284F64C200EB9CE6 /* XCRemoteSwiftPackageReference "firebase-ios-sdk" */;
			productName = FirebaseAnalyticsOnDeviceConversion;
		};
		8D9279FB284F64C200EB9CE6 /* FirebaseFunctionsCombine-Community */ = {
			isa = XCSwiftPackageProductDependency;
			package = 8D9279E6284F64C200EB9CE6 /* XCRemoteSwiftPackageReference "firebase-ios-sdk" */;
			productName = "FirebaseFunctionsCombine-Community";
		};
		8D9279FD284F64C200EB9CE6 /* FirebaseDatabase */ = {
			isa = XCSwiftPackageProductDependency;
			package = 8D9279E6284F64C200EB9CE6 /* XCRemoteSwiftPackageReference "firebase-ios-sdk" */;
			productName = FirebaseDatabase;
		};
		8D9279FF284F64C200EB9CE6 /* FirebaseAnalytics */ = {
			isa = XCSwiftPackageProductDependency;
			package = 8D9279E6284F64C200EB9CE6 /* XCRemoteSwiftPackageReference "firebase-ios-sdk" */;
			productName = FirebaseAnalytics;
		};
		8D927A01284F64C200EB9CE6 /* FirebasePerformance */ = {
			isa = XCSwiftPackageProductDependency;
			package = 8D9279E6284F64C200EB9CE6 /* XCRemoteSwiftPackageReference "firebase-ios-sdk" */;
			productName = FirebasePerformance;
		};
		8D927A03284F64C200EB9CE6 /* FirebaseRemoteConfig */ = {
			isa = XCSwiftPackageProductDependency;
			package = 8D9279E6284F64C200EB9CE6 /* XCRemoteSwiftPackageReference "firebase-ios-sdk" */;
			productName = FirebaseRemoteConfig;
		};
		8D927A05284F64C200EB9CE6 /* FirebaseAppCheck */ = {
			isa = XCSwiftPackageProductDependency;
			package = 8D9279E6284F64C200EB9CE6 /* XCRemoteSwiftPackageReference "firebase-ios-sdk" */;
			productName = FirebaseAppCheck;
		};
		8D927A07284F64C200EB9CE6 /* FirebaseFirestoreSwift */ = {
			isa = XCSwiftPackageProductDependency;
			package = 8D9279E6284F64C200EB9CE6 /* XCRemoteSwiftPackageReference "firebase-ios-sdk" */;
			productName = FirebaseFirestoreSwift;
		};
		8D927A09284F64C200EB9CE6 /* FirebaseAuth */ = {
			isa = XCSwiftPackageProductDependency;
			package = 8D9279E6284F64C200EB9CE6 /* XCRemoteSwiftPackageReference "firebase-ios-sdk" */;
			productName = FirebaseAuth;
		};
		8D927A0B284F64C200EB9CE6 /* FirebaseInAppMessagingSwift-Beta */ = {
			isa = XCSwiftPackageProductDependency;
			package = 8D9279E6284F64C200EB9CE6 /* XCRemoteSwiftPackageReference "firebase-ios-sdk" */;
			productName = "FirebaseInAppMessagingSwift-Beta";
		};
		8D927A0D284F64C200EB9CE6 /* FirebaseStorageCombine-Community */ = {
			isa = XCSwiftPackageProductDependency;
			package = 8D9279E6284F64C200EB9CE6 /* XCRemoteSwiftPackageReference "firebase-ios-sdk" */;
			productName = "FirebaseStorageCombine-Community";
		};
		8D927A0F284F64C200EB9CE6 /* FirebaseMLModelDownloader */ = {
			isa = XCSwiftPackageProductDependency;
			package = 8D9279E6284F64C200EB9CE6 /* XCRemoteSwiftPackageReference "firebase-ios-sdk" */;
			productName = FirebaseMLModelDownloader;
		};
		8D927A11284F64C200EB9CE6 /* FirebaseCrashlytics */ = {
			isa = XCSwiftPackageProductDependency;
			package = 8D9279E6284F64C200EB9CE6 /* XCRemoteSwiftPackageReference "firebase-ios-sdk" */;
			productName = FirebaseCrashlytics;
		};
		8D927A13284F64C200EB9CE6 /* FirebaseMessaging */ = {
			isa = XCSwiftPackageProductDependency;
			package = 8D9279E6284F64C200EB9CE6 /* XCRemoteSwiftPackageReference "firebase-ios-sdk" */;
			productName = FirebaseMessaging;
		};
		8D927A15284F64C200EB9CE6 /* FirebaseStorage */ = {
			isa = XCSwiftPackageProductDependency;
			package = 8D9279E6284F64C200EB9CE6 /* XCRemoteSwiftPackageReference "firebase-ios-sdk" */;
			productName = FirebaseStorage;
		};
		8D927A17284F64C200EB9CE6 /* FirebaseDynamicLinks */ = {
			isa = XCSwiftPackageProductDependency;
			package = 8D9279E6284F64C200EB9CE6 /* XCRemoteSwiftPackageReference "firebase-ios-sdk" */;
			productName = FirebaseDynamicLinks;
		};
		8D927A19284F64C200EB9CE6 /* FirebaseFunctions */ = {
			isa = XCSwiftPackageProductDependency;
			package = 8D9279E6284F64C200EB9CE6 /* XCRemoteSwiftPackageReference "firebase-ios-sdk" */;
			productName = FirebaseFunctions;
		};
		8D927A1B284F64C200EB9CE6 /* FirebaseFirestoreCombine-Community */ = {
			isa = XCSwiftPackageProductDependency;
			package = 8D9279E6284F64C200EB9CE6 /* XCRemoteSwiftPackageReference "firebase-ios-sdk" */;
			productName = "FirebaseFirestoreCombine-Community";
		};
/* End XCSwiftPackageProductDependency section */
	};
	rootObject = 8D9CE022284602BD00BFAC8B /* Project object */;
}
